// !$*UTF8*$!
{
	archiveVersion = 1;
	classes = {
	};
	objectVersion = 77;
	objects = {

/* Begin PBXContainerItemProxy section */
		C3BEB8C82E82D4D1008299EE /* PBXContainerItemProxy */ = {
			isa = PBXContainerItemProxy;
			containerPortal = C3BEB8AF2E82D4D0008299EE /* Project object */;
			proxyType = 1;
			remoteGlobalIDString = C3BEB8B62E82D4D0008299EE;
			remoteInfo = hoW_Work;
		};
		C3BEB8D22E82D4D1008299EE /* PBXContainerItemProxy */ = {
			isa = PBXContainerItemProxy;
			containerPortal = C3BEB8AF2E82D4D0008299EE /* Project object */;
			proxyType = 1;
			remoteGlobalIDString = C3BEB8B62E82D4D0008299EE;
			remoteInfo = hoW_Work;
		};
/* End PBXContainerItemProxy section */

/* Begin PBXFileReference section */
		C3BEB8B72E82D4D0008299EE /* hoW_Work.app */ = {isa = PBXFileReference; explicitFileType = wrapper.application; includeInIndex = 0; path = hoW_Work.app; sourceTree = BUILT_PRODUCTS_DIR; };
		C3BEB8C72E82D4D1008299EE /* hoW_WorkTests.xctest */ = {isa = PBXFileReference; explicitFileType = wrapper.cfbundle; includeInIndex = 0; path = hoW_WorkTests.xctest; sourceTree = BUILT_PRODUCTS_DIR; };
		C3BEB8D12E82D4D1008299EE /* hoW_WorkUITests.xctest */ = {isa = PBXFileReference; explicitFileType = wrapper.cfbundle; includeInIndex = 0; path = hoW_WorkUITests.xctest; sourceTree = BUILT_PRODUCTS_DIR; };
/* End PBXFileReference section */

/* Begin PBXFileSystemSynchronizedRootGroup section */
		C3BEB8B92E82D4D0008299EE /* hoW_Work */ = {
			isa = PBXFileSystemSynchronizedRootGroup;
			path = hoW_Work;
			sourceTree = "<group>";
		};
		C3BEB8CA2E82D4D1008299EE /* hoW_WorkTests */ = {
			isa = PBXFileSystemSynchronizedRootGroup;
			path = hoW_WorkTests;
			sourceTree = "<group>";
		};
		C3BEB8D42E82D4D1008299EE /* hoW_WorkUITests */ = {
			isa = PBXFileSystemSynchronizedRootGroup;
			path = hoW_WorkUITests;
			sourceTree = "<group>";
		};
/* End PBXFileSystemSynchronizedRootGroup section */

/* Begin PBXFrameworksBuildPhase section */
		C3BEB8B42E82D4D0008299EE /* Frameworks */ = {
			isa = PBXFrameworksBuildPhase;
			buildActionMask = 2147483647;
			files = (
			);
			runOnlyForDeploymentPostprocessing = 0;
		};
		C3BEB8C42E82D4D1008299EE /* Frameworks */ = {
			isa = PBXFrameworksBuildPhase;
			buildActionMask = 2147483647;
			files = (
			);
			runOnlyForDeploymentPostprocessing = 0;
		};
		C3BEB8CE2E82D4D1008299EE /* Frameworks */ = {
			isa = PBXFrameworksBuildPhase;
			buildActionMask = 2147483647;
			files = (
			);
			runOnlyForDeploymentPostprocessing = 0;
		};
/* End PBXFrameworksBuildPhase section */

/* Begin PBXGroup section */
		C3BEB8AE2E82D4D0008299EE = {
			isa = PBXGroup;
			children = (
				C3BEB8B92E82D4D0008299EE /* hoW_Work */,
				C3BEB8CA2E82D4D1008299EE /* hoW_WorkTests */,
				C3BEB8D42E82D4D1008299EE /* hoW_WorkUITests */,
				C3BEB8B82E82D4D0008299EE /* Products */,
			);
			sourceTree = "<group>";
		};
		C3BEB8B82E82D4D0008299EE /* Products */ = {
			isa = PBXGroup;
			children = (
				C3BEB8B72E82D4D0008299EE /* hoW_Work.app */,
				C3BEB8C72E82D4D1008299EE /* hoW_WorkTests.xctest */,
				C3BEB8D12E82D4D1008299EE /* hoW_WorkUITests.xctest */,
			);
			name = Products;
			sourceTree = "<group>";
		};
/* End PBXGroup section */

/* Begin PBXNativeTarget section */
		C3BEB8B62E82D4D0008299EE /* hoW_Work */ = {
			isa = PBXNativeTarget;
			buildConfigurationList = C3BEB8DB2E82D4D1008299EE /* Build configuration list for PBXNativeTarget "hoW_Work" */;
			buildPhases = (
				C3BEB8B32E82D4D0008299EE /* Sources */,
				C3BEB8B42E82D4D0008299EE /* Frameworks */,
				C3BEB8B52E82D4D0008299EE /* Resources */,
			);
			buildRules = (
			);
			dependencies = (
			);
			fileSystemSynchronizedGroups = (
				C3BEB8B92E82D4D0008299EE /* hoW_Work */,
			);
			name = hoW_Work;
			packageProductDependencies = (
			);
			productName = hoW_Work;
			productReference = C3BEB8B72E82D4D0008299EE /* hoW_Work.app */;
			productType = "com.apple.product-type.application";
		};
		C3BEB8C62E82D4D1008299EE /* hoW_WorkTests */ = {
			isa = PBXNativeTarget;
			buildConfigurationList = C3BEB8DE2E82D4D1008299EE /* Build configuration list for PBXNativeTarget "hoW_WorkTests" */;
			buildPhases = (
				C3BEB8C32E82D4D1008299EE /* Sources */,
				C3BEB8C42E82D4D1008299EE /* Frameworks */,
				C3BEB8C52E82D4D1008299EE /* Resources */,
			);
			buildRules = (
			);
			dependencies = (
				C3BEB8C92E82D4D1008299EE /* PBXTargetDependency */,
			);
			fileSystemSynchronizedGroups = (
				C3BEB8CA2E82D4D1008299EE /* hoW_WorkTests */,
			);
			name = hoW_WorkTests;
			packageProductDependencies = (
			);
			productName = hoW_WorkTests;
			productReference = C3BEB8C72E82D4D1008299EE /* hoW_WorkTests.xctest */;
			productType = "com.apple.product-type.bundle.unit-test";
		};
		C3BEB8D02E82D4D1008299EE /* hoW_WorkUITests */ = {
			isa = PBXNativeTarget;
			buildConfigurationList = C3BEB8E12E82D4D1008299EE /* Build configuration list for PBXNativeTarget "hoW_WorkUITests" */;
			buildPhases = (
				C3BEB8CD2E82D4D1008299EE /* Sources */,
				C3BEB8CE2E82D4D1008299EE /* Frameworks */,
				C3BEB8CF2E82D4D1008299EE /* Resources */,
			);
			buildRules = (
			);
			dependencies = (
				C3BEB8D32E82D4D1008299EE /* PBXTargetDependency */,
			);
			fileSystemSynchronizedGroups = (
				C3BEB8D42E82D4D1008299EE /* hoW_WorkUITests */,
			);
			name = hoW_WorkUITests;
			packageProductDependencies = (
			);
			productName = hoW_WorkUITests;
			productReference = C3BEB8D12E82D4D1008299EE /* hoW_WorkUITests.xctest */;
			productType = "com.apple.product-type.bundle.ui-testing";
		};
/* End PBXNativeTarget section */

/* Begin PBXProject section */
		C3BEB8AF2E82D4D0008299EE /* Project object */ = {
			isa = PBXProject;
			attributes = {
				BuildIndependentTargetsInParallel = 1;
				LastSwiftUpdateCheck = 1600;
				LastUpgradeCheck = 1600;
				TargetAttributes = {
					C3BEB8B62E82D4D0008299EE = {
						CreatedOnToolsVersion = 16.0;
					};
					C3BEB8C62E82D4D1008299EE = {
						CreatedOnToolsVersion = 16.0;
						TestTargetID = C3BEB8B62E82D4D0008299EE;
					};
					C3BEB8D02E82D4D1008299EE = {
						CreatedOnToolsVersion = 16.0;
						TestTargetID = C3BEB8B62E82D4D0008299EE;
					};
				};
			};
			buildConfigurationList = C3BEB8B22E82D4D0008299EE /* Build configuration list for PBXProject "hoW_Work" */;
			developmentRegion = en;
			hasScannedForEncodings = 0;
			knownRegions = (
				en,
				Base,
			);
			mainGroup = C3BEB8AE2E82D4D0008299EE;
			minimizedProjectReferenceProxies = 1;
			preferredProjectObjectVersion = 77;
			productRefGroup = C3BEB8B82E82D4D0008299EE /* Products */;
			projectDirPath = "";
			projectRoot = "";
			targets = (
				C3BEB8B62E82D4D0008299EE /* hoW_Work */,
				C3BEB8C62E82D4D1008299EE /* hoW_WorkTests */,
				C3BEB8D02E82D4D1008299EE /* hoW_WorkUITests */,
			);
		};
/* End PBXProject section */

/* Begin PBXResourcesBuildPhase section */
		C3BEB8B52E82D4D0008299EE /* Resources */ = {
			isa = PBXResourcesBuildPhase;
			buildActionMask = 2147483647;
			files = (
			);
			runOnlyForDeploymentPostprocessing = 0;
		};
		C3BEB8C52E82D4D1008299EE /* Resources */ = {
			isa = PBXResourcesBuildPhase;
			buildActionMask = 2147483647;
			files = (
			);
			runOnlyForDeploymentPostprocessing = 0;
		};
		C3BEB8CF2E82D4D1008299EE /* Resources */ = {
			isa = PBXResourcesBuildPhase;
			buildActionMask = 2147483647;
			files = (
			);
			runOnlyForDeploymentPostprocessing = 0;
		};
/* End PBXResourcesBuildPhase section */

/* Begin PBXSourcesBuildPhase section */
		C3BEB8B32E82D4D0008299EE /* Sources */ = {
			isa = PBXSourcesBuildPhase;
			buildActionMask = 2147483647;
			files = (
			);
			runOnlyForDeploymentPostprocessing = 0;
		};
		C3BEB8C32E82D4D1008299EE /* Sources */ = {
			isa = PBXSourcesBuildPhase;
			buildActionMask = 2147483647;
			files = (
			);
			runOnlyForDeploymentPostprocessing = 0;
		};
		C3BEB8CD2E82D4D1008299EE /* Sources */ = {
			isa = PBXSourcesBuildPhase;
			buildActionMask = 2147483647;
			files = (
			);
			runOnlyForDeploymentPostprocessing = 0;
		};
/* End PBXSourcesBuildPhase section */

/* Begin PBXTargetDependency section */
		C3BEB8C92E82D4D1008299EE /* PBXTargetDependency */ = {
			isa = PBXTargetDependency;
			target = C3BEB8B62E82D4D0008299EE /* hoW_Work */;
			targetProxy = C3BEB8C82E82D4D1008299EE /* PBXContainerItemProxy */;
		};
		C3BEB8D32E82D4D1008299EE /* PBXTargetDependency */ = {
			isa = PBXTargetDependency;
			target = C3BEB8B62E82D4D0008299EE /* hoW_Work */;
			targetProxy = C3BEB8D22E82D4D1008299EE /* PBXContainerItemProxy */;
		};
/* End PBXTargetDependency section */

/* Begin XCBuildConfiguration section */
		C3BEB8D92E82D4D1008299EE /* Debug */ = {
			isa = XCBuildConfiguration;
			buildSettings = {
				ALWAYS_SEARCH_USER_PATHS = NO;
				ASSETCATALOG_COMPILER_GENERATE_SWIFT_ASSET_SYMBOL_EXTENSIONS = YES;
				CLANG_ANALYZER_NONNULL = YES;
				CLANG_ANALYZER_NUMBER_OBJECT_CONVERSION = YES_AGGRESSIVE;
				CLANG_CXX_LANGUAGE_STANDARD = "gnu++20";
				CLANG_ENABLE_MODULES = YES;
				CLANG_ENABLE_OBJC_ARC = YES;
				CLANG_ENABLE_OBJC_WEAK = YES;
				CLANG_WARN_BLOCK_CAPTURE_AUTORELEASING = YES;
				CLANG_WARN_BOOL_CONVERSION = YES;
				CLANG_WARN_COMMA = YES;
				CLANG_WARN_CONSTANT_CONVERSION = YES;
				CLANG_WARN_DEPRECATED_OBJC_IMPLEMENTATIONS = YES;
				CLANG_WARN_DIRECT_OBJC_ISA_USAGE = YES_ERROR;
				CLANG_WARN_DOCUMENTATION_COMMENTS = YES;
				CLANG_WARN_EMPTY_BODY = YES;
				CLANG_WARN_ENUM_CONVERSION = YES;
				CLANG_WARN_INFINITE_RECURSION = YES;
				CLANG_WARN_INT_CONVERSION = YES;
				CLANG_WARN_NON_LITERAL_NULL_CONVERSION = YES;
				CLANG_WARN_OBJC_IMPLICIT_RETAIN_SELF = YES;
				CLANG_WARN_OBJC_LITERAL_CONVERSION = YES;
				CLANG_WARN_OBJC_ROOT_CLASS = YES_ERROR;
				CLANG_WARN_QUOTED_INCLUDE_IN_FRAMEWORK_HEADER = YES;
				CLANG_WARN_RANGE_LOOP_ANALYSIS = YES;
				CLANG_WARN_STRICT_PROTOTYPES = YES;
				CLANG_WARN_SUSPICIOUS_MOVE = YES;
				CLANG_WARN_UNGUARDED_AVAILABILITY = YES_AGGRESSIVE;
				CLANG_WARN_UNREACHABLE_CODE = YES;
				CLANG_WARN__DUPLICATE_METHOD_MATCH = YES;
				COPY_PHASE_STRIP = NO;
				DEBUG_INFORMATION_FORMAT = dwarf;
				ENABLE_STRICT_OBJC_MSGSEND = YES;
				ENABLE_TESTABILITY = YES;
				ENABLE_USER_SCRIPT_SANDBOXING = YES;
				GCC_C_LANGUAGE_STANDARD = gnu17;
				GCC_DYNAMIC_NO_PIC = NO;
				GCC_NO_COMMON_BLOCKS = YES;
				GCC_OPTIMIZATION_LEVEL = 0;
				GCC_PREPROCESSOR_DEFINITIONS = (
					"DEBUG=1",
					"$(inherited)",
				);
				GCC_WARN_64_TO_32_BIT_CONVERSION = YES;
				GCC_WARN_ABOUT_RETURN_TYPE = YES_ERROR;
				GCC_WARN_UNDECLARED_SELECTOR = YES;
				GCC_WARN_UNINITIALIZED_AUTOS = YES_AGGRESSIVE;
				GCC_WARN_UNUSED_FUNCTION = YES;
				GCC_WARN_UNUSED_VARIABLE = YES;
				IPHONEOS_DEPLOYMENT_TARGET = 18.0;
				LOCALIZATION_PREFERS_STRING_CATALOGS = YES;
				MTL_ENABLE_DEBUG_INFO = INCLUDE_SOURCE;
				MTL_FAST_MATH = YES;
				ONLY_ACTIVE_ARCH = YES;
				SDKROOT = iphoneos;
				SWIFT_ACTIVE_COMPILATION_CONDITIONS = "DEBUG $(inherited)";
				SWIFT_OPTIMIZATION_LEVEL = "-Onone";
			};
			name = Debug;
		};
		C3BEB8DA2E82D4D1008299EE /* Release */ = {
			isa = XCBuildConfiguration;
			buildSettings = {
				ALWAYS_SEARCH_USER_PATHS = NO;
				ASSETCATALOG_COMPILER_GENERATE_SWIFT_ASSET_SYMBOL_EXTENSIONS = YES;
				CLANG_ANALYZER_NONNULL = YES;
				CLANG_ANALYZER_NUMBER_OBJECT_CONVERSION = YES_AGGRESSIVE;
				CLANG_CXX_LANGUAGE_STANDARD = "gnu++20";
				CLANG_ENABLE_MODULES = YES;
				CLANG_ENABLE_OBJC_ARC = YES;
				CLANG_ENABLE_OBJC_WEAK = YES;
				CLANG_WARN_BLOCK_CAPTURE_AUTORELEASING = YES;
				CLANG_WARN_BOOL_CONVERSION = YES;
				CLANG_WARN_COMMA = YES;
				CLANG_WARN_CONSTANT_CONVERSION = YES;
				CLANG_WARN_DEPRECATED_OBJC_IMPLEMENTATIONS = YES;
				CLANG_WARN_DIRECT_OBJC_ISA_USAGE = YES_ERROR;
				CLANG_WARN_DOCUMENTATION_COMMENTS = YES;
				CLANG_WARN_EMPTY_BODY = YES;
				CLANG_WARN_ENUM_CONVERSION = YES;
				CLANG_WARN_INFINITE_RECURSION = YES;
				CLANG_WARN_INT_CONVERSION = YES;
				CLANG_WARN_NON_LITERAL_NULL_CONVERSION = YES;
				CLANG_WARN_OBJC_IMPLICIT_RETAIN_SELF = YES;
				CLANG_WARN_OBJC_LITERAL_CONVERSION = YES;
				CLANG_WARN_OBJC_ROOT_CLASS = YES_ERROR;
				CLANG_WARN_QUOTED_INCLUDE_IN_FRAMEWORK_HEADER = YES;
				CLANG_WARN_RANGE_LOOP_ANALYSIS = YES;
				CLANG_WARN_STRICT_PROTOTYPES = YES;
				CLANG_WARN_SUSPICIOUS_MOVE = YES;
				CLANG_WARN_UNGUARDED_AVAILABILITY = YES_AGGRESSIVE;
				CLANG_WARN_UNREACHABLE_CODE = YES;
				CLANG_WARN__DUPLICATE_METHOD_MATCH = YES;
				COPY_PHASE_STRIP = NO;
				DEBUG_INFORMATION_FORMAT = "dwarf-with-dsym";
				ENABLE_NS_ASSERTIONS = NO;
				ENABLE_STRICT_OBJC_MSGSEND = YES;
				ENABLE_USER_SCRIPT_SANDBOXING = YES;
				GCC_C_LANGUAGE_STANDARD = gnu17;
				GCC_NO_COMMON_BLOCKS = YES;
				GCC_WARN_64_TO_32_BIT_CONVERSION = YES;
				GCC_WARN_ABOUT_RETURN_TYPE = YES_ERROR;
				GCC_WARN_UNDECLARED_SELECTOR = YES;
				GCC_WARN_UNINITIALIZED_AUTOS = YES_AGGRESSIVE;
				GCC_WARN_UNUSED_FUNCTION = YES;
				GCC_WARN_UNUSED_VARIABLE = YES;
				IPHONEOS_DEPLOYMENT_TARGET = 18.0;
				LOCALIZATION_PREFERS_STRING_CATALOGS = YES;
				MTL_ENABLE_DEBUG_INFO = NO;
				MTL_FAST_MATH = YES;
				SDKROOT = iphoneos;
				SWIFT_COMPILATION_MODE = wholemodule;
				VALIDATE_PRODUCT = YES;
			};
			name = Release;
		};
		C3BEB8DC2E82D4D1008299EE /* Debug */ = {
			isa = XCBuildConfiguration;
			buildSettings = {
				ASSETCATALOG_COMPILER_APPICON_NAME = AppIcon;
				ASSETCATALOG_COMPILER_GLOBAL_ACCENT_COLOR_NAME = AccentColor;
				CODE_SIGN_STYLE = Automatic;
				CURRENT_PROJECT_VERSION = 1;
				DEVELOPMENT_ASSET_PATHS = "\"hoW_Work/Preview Content\"";
				DEVELOPMENT_TEAM = QFH3T4H9CJ;
				ENABLE_PREVIEWS = YES;
				GENERATE_INFOPLIST_FILE = YES;
				INFOPLIST_KEY_UIApplicationSceneManifest_Generation = YES;
				INFOPLIST_KEY_UIApplicationSupportsIndirectInputEvents = YES;
				INFOPLIST_KEY_UILaunchScreen_Generation = YES;
				INFOPLIST_KEY_UISupportedInterfaceOrientations_iPad = "UIInterfaceOrientationPortrait UIInterfaceOrientationPortraitUpsideDown UIInterfaceOrientationLandscapeLeft UIInterfaceOrientationLandscapeRight";
				INFOPLIST_KEY_UISupportedInterfaceOrientations_iPhone = "UIInterfaceOrientationPortrait UIInterfaceOrientationLandscapeLeft UIInterfaceOrientationLandscapeRight";
				LD_RUNPATH_SEARCH_PATHS = (
					"$(inherited)",
					"@executable_path/Frameworks",
				);
				MARKETING_VERSION = 1.0;
				PRODUCT_BUNDLE_IDENTIFIER = "GDGoC.hoW-Work";
				PRODUCT_NAME = "$(TARGET_NAME)";
				SWIFT_EMIT_LOC_STRINGS = YES;
				SWIFT_VERSION = 5.0;
				TARGETED_DEVICE_FAMILY = "1,2";
			};
			name = Debug;
		};
		C3BEB8DD2E82D4D1008299EE /* Release */ = {
			isa = XCBuildConfiguration;
			buildSettings = {
				ASSETCATALOG_COMPILER_APPICON_NAME = AppIcon;
				ASSETCATALOG_COMPILER_GLOBAL_ACCENT_COLOR_NAME = AccentColor;
				CODE_SIGN_STYLE = Automatic;
				CURRENT_PROJECT_VERSION = 1;
				DEVELOPMENT_ASSET_PATHS = "\"hoW_Work/Preview Content\"";
				DEVELOPMENT_TEAM = QFH3T4H9CJ;
				ENABLE_PREVIEWS = YES;
				GENERATE_INFOPLIST_FILE = YES;
				INFOPLIST_KEY_UIApplicationSceneManifest_Generation = YES;
				INFOPLIST_KEY_UIApplicationSupportsIndirectInputEvents = YES;
				INFOPLIST_KEY_UILaunchScreen_Generation = YES;
				INFOPLIST_KEY_UISupportedInterfaceOrientations_iPad = "UIInterfaceOrientationPortrait UIInterfaceOrientationPortraitUpsideDown UIInterfaceOrientationLandscapeLeft UIInterfaceOrientationLandscapeRight";
				INFOPLIST_KEY_UISupportedInterfaceOrientations_iPhone = "UIInterfaceOrientationPortrait UIInterfaceOrientationLandscapeLeft UIInterfaceOrientationLandscapeRight";
				LD_RUNPATH_SEARCH_PATHS = (
					"$(inherited)",
					"@executable_path/Frameworks",
				);
				MARKETING_VERSION = 1.0;
				PRODUCT_BUNDLE_IDENTIFIER = "GDGoC.hoW-Work";
				PRODUCT_NAME = "$(TARGET_NAME)";
				SWIFT_EMIT_LOC_STRINGS = YES;
				SWIFT_VERSION = 5.0;
				TARGETED_DEVICE_FAMILY = "1,2";
			};
			name = Release;
		};
		C3BEB8DF2E82D4D1008299EE /* Debug */ = {
			isa = XCBuildConfiguration;
			buildSettings = {
				BUNDLE_LOADER = "$(TEST_HOST)";
				CODE_SIGN_STYLE = Automatic;
				CURRENT_PROJECT_VERSION = 1;
				GENERATE_INFOPLIST_FILE = YES;
				IPHONEOS_DEPLOYMENT_TARGET = 18.0;
				MARKETING_VERSION = 1.0;
				PRODUCT_BUNDLE_IDENTIFIER = "GDGoC.hoW-WorkTests";
				PRODUCT_NAME = "$(TARGET_NAME)";
				SWIFT_EMIT_LOC_STRINGS = NO;
				SWIFT_VERSION = 5.0;
				TARGETED_DEVICE_FAMILY = "1,2";
				TEST_HOST = "$(BUILT_PRODUCTS_DIR)/hoW_Work.app/$(BUNDLE_EXECUTABLE_FOLDER_PATH)/hoW_Work";
			};
			name = Debug;
		};
		C3BEB8E02E82D4D1008299EE /* Release */ = {
			isa = XCBuildConfiguration;
			buildSettings = {
				BUNDLE_LOADER = "$(TEST_HOST)";
				CODE_SIGN_STYLE = Automatic;
				CURRENT_PROJECT_VERSION = 1;
				GENERATE_INFOPLIST_FILE = YES;
				IPHONEOS_DEPLOYMENT_TARGET = 18.0;
				MARKETING_VERSION = 1.0;
				PRODUCT_BUNDLE_IDENTIFIER = "GDGoC.hoW-WorkTests";
				PRODUCT_NAME = "$(TARGET_NAME)";
				SWIFT_EMIT_LOC_STRINGS = NO;
				SWIFT_VERSION = 5.0;
				TARGETED_DEVICE_FAMILY = "1,2";
				TEST_HOST = "$(BUILT_PRODUCTS_DIR)/hoW_Work.app/$(BUNDLE_EXECUTABLE_FOLDER_PATH)/hoW_Work";
			};
			name = Release;
		};
		C3BEB8E22E82D4D1008299EE /* Debug */ = {
			isa = XCBuildConfiguration;
			buildSettings = {
				CODE_SIGN_STYLE = Automatic;
				CURRENT_PROJECT_VERSION = 1;
				GENERATE_INFOPLIST_FILE = YES;
				MARKETING_VERSION = 1.0;
				PRODUCT_BUNDLE_IDENTIFIER = "GDGoC.hoW-WorkUITests";
				PRODUCT_NAME = "$(TARGET_NAME)";
				SWIFT_EMIT_LOC_STRINGS = NO;
				SWIFT_VERSION = 5.0;
				TARGETED_DEVICE_FAMILY = "1,2";
				TEST_TARGET_NAME = hoW_Work;
			};
			name = Debug;
		};
		C3BEB8E32E82D4D1008299EE /* Release */ = {
			isa = XCBuildConfiguration;
			buildSettings = {
				CODE_SIGN_STYLE = Automatic;
				CURRENT_PROJECT_VERSION = 1;
				GENERATE_INFOPLIST_FILE = YES;
				MARKETING_VERSION = 1.0;
				PRODUCT_BUNDLE_IDENTIFIER = "GDGoC.hoW-WorkUITests";
				PRODUCT_NAME = "$(TARGET_NAME)";
				SWIFT_EMIT_LOC_STRINGS = NO;
				SWIFT_VERSION = 5.0;
				TARGETED_DEVICE_FAMILY = "1,2";
				TEST_TARGET_NAME = hoW_Work;
			};
			name = Release;
		};
/* End XCBuildConfiguration section */

/* Begin XCConfigurationList section */
		C3BEB8B22E82D4D0008299EE /* Build configuration list for PBXProject "hoW_Work" */ = {
			isa = XCConfigurationList;
			buildConfigurations = (
				C3BEB8D92E82D4D1008299EE /* Debug */,
				C3BEB8DA2E82D4D1008299EE /* Release */,
			);
			defaultConfigurationIsVisible = 0;
			defaultConfigurationName = Release;
		};
		C3BEB8DB2E82D4D1008299EE /* Build configuration list for PBXNativeTarget "hoW_Work" */ = {
			isa = XCConfigurationList;
			buildConfigurations = (
				C3BEB8DC2E82D4D1008299EE /* Debug */,
				C3BEB8DD2E82D4D1008299EE /* Release */,
			);
			defaultConfigurationIsVisible = 0;
			defaultConfigurationName = Release;
		};
		C3BEB8DE2E82D4D1008299EE /* Build configuration list for PBXNativeTarget "hoW_WorkTests" */ = {
			isa = XCConfigurationList;
			buildConfigurations = (
				C3BEB8DF2E82D4D1008299EE /* Debug */,
				C3BEB8E02E82D4D1008299EE /* Release */,
			);
			defaultConfigurationIsVisible = 0;
			defaultConfigurationName = Release;
		};
		C3BEB8E12E82D4D1008299EE /* Build configuration list for PBXNativeTarget "hoW_WorkUITests" */ = {
			isa = XCConfigurationList;
			buildConfigurations = (
				C3BEB8E22E82D4D1008299EE /* Debug */,
				C3BEB8E32E82D4D1008299EE /* Release */,
			);
			defaultConfigurationIsVisible = 0;
			defaultConfigurationName = Release;
		};
/* End XCConfigurationList section */
	};
	rootObject = C3BEB8AF2E82D4D0008299EE /* Project object */;
}
